// !$*UTF8*$!
{
	archiveVersion = 1;
	classes = {
	};
	objectVersion = 55;
	objects = {

/* Begin PBXBuildFile section */
		26C018F227218A1100D199FE /* AppDelegate.swift in Sources */ = {isa = PBXBuildFile; fileRef = 26C018F127218A1100D199FE /* AppDelegate.swift */; };
		26C018F427218A1100D199FE /* SceneDelegate.swift in Sources */ = {isa = PBXBuildFile; fileRef = 26C018F327218A1100D199FE /* SceneDelegate.swift */; };
		26C018F627218A1100D199FE /* ViewController.swift in Sources */ = {isa = PBXBuildFile; fileRef = 26C018F527218A1100D199FE /* ViewController.swift */; };
		26C018F927218A1100D199FE /* Main.storyboard in Resources */ = {isa = PBXBuildFile; fileRef = 26C018F727218A1100D199FE /* Main.storyboard */; };
		26C018FB27218A1300D199FE /* Assets.xcassets in Resources */ = {isa = PBXBuildFile; fileRef = 26C018FA27218A1300D199FE /* Assets.xcassets */; };
		26C018FE27218A1300D199FE /* LaunchScreen.storyboard in Resources */ = {isa = PBXBuildFile; fileRef = 26C018FC27218A1300D199FE /* LaunchScreen.storyboard */; };
		26C0190627218A3C00D199FE /* CustomLayer.swift in Sources */ = {isa = PBXBuildFile; fileRef = 26C0190527218A3C00D199FE /* CustomLayer.swift */; };
		26C0190827218AF200D199FE /* CustomView.swift in Sources */ = {isa = PBXBuildFile; fileRef = 26C0190727218AF200D199FE /* CustomView.swift */; };
		26C0190A2721A74E00D199FE /* StateView.swift in Sources */ = {isa = PBXBuildFile; fileRef = 26C019092721A74E00D199FE /* StateView.swift */; };
/* End PBXBuildFile section */

/* Begin PBXFileReference section */
		26C018EE27218A1100D199FE /* LayerThing.app */ = {isa = PBXFileReference; explicitFileType = wrapper.application; includeInIndex = 0; path = LayerThing.app; sourceTree = BUILT_PRODUCTS_DIR; };
		26C018F127218A1100D199FE /* AppDelegate.swift */ = {isa = PBXFileReference; lastKnownFileType = sourcecode.swift; path = AppDelegate.swift; sourceTree = "<group>"; };
		26C018F327218A1100D199FE /* SceneDelegate.swift */ = {isa = PBXFileReference; lastKnownFileType = sourcecode.swift; path = SceneDelegate.swift; sourceTree = "<group>"; };
		26C018F527218A1100D199FE /* ViewController.swift */ = {isa = PBXFileReference; lastKnownFileType = sourcecode.swift; path = ViewController.swift; sourceTree = "<group>"; };
		26C018F827218A1100D199FE /* Base */ = {isa = PBXFileReference; lastKnownFileType = file.storyboard; name = Base; path = Base.lproj/Main.storyboard; sourceTree = "<group>"; };
		26C018FA27218A1300D199FE /* Assets.xcassets */ = {isa = PBXFileReference; lastKnownFileType = folder.assetcatalog; path = Assets.xcassets; sourceTree = "<group>"; };
		26C018FD27218A1300D199FE /* Base */ = {isa = PBXFileReference; lastKnownFileType = file.storyboard; name = Base; path = Base.lproj/LaunchScreen.storyboard; sourceTree = "<group>"; };
		26C018FF27218A1300D199FE /* Info.plist */ = {isa = PBXFileReference; lastKnownFileType = text.plist.xml; path = Info.plist; sourceTree = "<group>"; };
		26C0190527218A3C00D199FE /* CustomLayer.swift */ = {isa = PBXFileReference; lastKnownFileType = sourcecode.swift; path = CustomLayer.swift; sourceTree = "<group>"; };
		26C0190727218AF200D199FE /* CustomView.swift */ = {isa = PBXFileReference; lastKnownFileType = sourcecode.swift; path = CustomView.swift; sourceTree = "<group>"; };
		26C019092721A74E00D199FE /* StateView.swift */ = {isa = PBXFileReference; lastKnownFileType = sourcecode.swift; path = StateView.swift; sourceTree = "<group>"; };
/* End PBXFileReference section */

/* Begin PBXFrameworksBuildPhase section */
		26C018EB27218A1100D199FE /* Frameworks */ = {
			isa = PBXFrameworksBuildPhase;
			buildActionMask = 2147483647;
			files = (
			);
			runOnlyForDeploymentPostprocessing = 0;
		};
/* End PBXFrameworksBuildPhase section */

/* Begin PBXGroup section */
		26C018E527218A1100D199FE = {
			isa = PBXGroup;
			children = (
				26C018F027218A1100D199FE /* LayerThing */,
				26C018EF27218A1100D199FE /* Products */,
			);
			sourceTree = "<group>";
		};
		26C018EF27218A1100D199FE /* Products */ = {
			isa = PBXGroup;
			children = (
				26C018EE27218A1100D199FE /* LayerThing.app */,
			);
			name = Products;
			sourceTree = "<group>";
		};
		26C018F027218A1100D199FE /* LayerThing */ = {
			isa = PBXGroup;
			children = (
				26C018F127218A1100D199FE /* AppDelegate.swift */,
				26C018F327218A1100D199FE /* SceneDelegate.swift */,
				26C018F527218A1100D199FE /* ViewController.swift */,
				26C018F727218A1100D199FE /* Main.storyboard */,
				26C018FA27218A1300D199FE /* Assets.xcassets */,
				26C018FC27218A1300D199FE /* LaunchScreen.storyboard */,
				26C018FF27218A1300D199FE /* Info.plist */,
				26C0190527218A3C00D199FE /* CustomLayer.swift */,
				26C0190727218AF200D199FE /* CustomView.swift */,
				26C019092721A74E00D199FE /* StateView.swift */,
			);
			path = LayerThing;
			sourceTree = "<group>";
		};
/* End PBXGroup section */

/* Begin PBXNativeTarget section */
		26C018ED27218A1100D199FE /* LayerThing */ = {
			isa = PBXNativeTarget;
			buildConfigurationList = 26C0190227218A1300D199FE /* Build configuration list for PBXNativeTarget "LayerThing" */;
			buildPhases = (
				26C018EA27218A1100D199FE /* Sources */,
				26C018EB27218A1100D199FE /* Frameworks */,
				26C018EC27218A1100D199FE /* Resources */,
			);
			buildRules = (
			);
			dependencies = (
			);
			name = LayerThing;
			productName = LayerThing;
			productReference = 26C018EE27218A1100D199FE /* LayerThing.app */;
			productType = "com.apple.product-type.application";
		};
/* End PBXNativeTarget section */

/* Begin PBXProject section */
		26C018E627218A1100D199FE /* Project object */ = {
			isa = PBXProject;
			attributes = {
				BuildIndependentTargetsInParallel = 1;
				LastSwiftUpdateCheck = 1300;
				LastUpgradeCheck = 1300;
				TargetAttributes = {
					26C018ED27218A1100D199FE = {
						CreatedOnToolsVersion = 13.0;
					};
				};
			};
			buildConfigurationList = 26C018E927218A1100D199FE /* Build configuration list for PBXProject "LayerThing" */;
			compatibilityVersion = "Xcode 13.0";
			developmentRegion = en;
			hasScannedForEncodings = 0;
			knownRegions = (
				en,
				Base,
			);
			mainGroup = 26C018E527218A1100D199FE;
			productRefGroup = 26C018EF27218A1100D199FE /* Products */;
			projectDirPath = "";
			projectRoot = "";
			targets = (
				26C018ED27218A1100D199FE /* LayerThing */,
			);
		};
/* End PBXProject section */

/* Begin PBXResourcesBuildPhase section */
		26C018EC27218A1100D199FE /* Resources */ = {
			isa = PBXResourcesBuildPhase;
			buildActionMask = 2147483647;
			files = (
				26C018FE27218A1300D199FE /* LaunchScreen.storyboard in Resources */,
				26C018FB27218A1300D199FE /* Assets.xcassets in Resources */,
				26C018F927218A1100D199FE /* Main.storyboard in Resources */,
			);
			runOnlyForDeploymentPostprocessing = 0;
		};
/* End PBXResourcesBuildPhase section */

/* Begin PBXSourcesBuildPhase section */
		26C018EA27218A1100D199FE /* Sources */ = {
			isa = PBXSourcesBuildPhase;
			buildActionMask = 2147483647;
			files = (
				26C0190A2721A74E00D199FE /* StateView.swift in Sources */,
				26C0190827218AF200D199FE /* CustomView.swift in Sources */,
				26C0190627218A3C00D199FE /* CustomLayer.swift in Sources */,
				26C018F627218A1100D199FE /* ViewController.swift in Sources */,
				26C018F227218A1100D199FE /* AppDelegate.swift in Sources */,
				26C018F427218A1100D199FE /* SceneDelegate.swift in Sources */,
			);
			runOnlyForDeploymentPostprocessing = 0;
		};
/* End PBXSourcesBuildPhase section */

/* Begin PBXVariantGroup section */
		26C018F727218A1100D199FE /* Main.storyboard */ = {
			isa = PBXVariantGroup;
			children = (
				26C018F827218A1100D199FE /* Base */,
			);
			name = Main.storyboard;
			sourceTree = "<group>";
		};
		26C018FC27218A1300D199FE /* LaunchScreen.storyboard */ = {
			isa = PBXVariantGroup;
			children = (
				26C018FD27218A1300D199FE /* Base */,
			);
			name = LaunchScreen.storyboard;
			sourceTree = "<group>";
		};
/* End PBXVariantGroup section */

/* Begin XCBuildConfiguration section */
		26C0190027218A1300D199FE /* Debug */ = {
			isa = XCBuildConfiguration;
			buildSettings = {
				ALWAYS_SEARCH_USER_PATHS = NO;
				CLANG_ANALYZER_NONNULL = YES;
				CLANG_ANALYZER_NUMBER_OBJECT_CONVERSION = YES_AGGRESSIVE;
				CLANG_CXX_LANGUAGE_STANDARD = "gnu++17";
				CLANG_CXX_LIBRARY = "libc++";
				CLANG_ENABLE_MODULES = YES;
				CLANG_ENABLE_OBJC_ARC = YES;
				CLANG_ENABLE_OBJC_WEAK = YES;
				CLANG_WARN_BLOCK_CAPTURE_AUTORELEASING = YES;
				CLANG_WARN_BOOL_CONVERSION = YES;
				CLANG_WARN_COMMA = YES;
				CLANG_WARN_CONSTANT_CONVERSION = YES;
				CLANG_WARN_DEPRECATED_OBJC_IMPLEMENTATIONS = YES;
				CLANG_WARN_DIRECT_OBJC_ISA_USAGE = YES_ERROR;
				CLANG_WARN_DOCUMENTATION_COMMENTS = YES;
				CLANG_WARN_EMPTY_BODY = YES;
				CLANG_WARN_ENUM_CONVERSION = YES;
				CLANG_WARN_INFINITE_RECURSION = YES;
				CLANG_WARN_INT_CONVERSION = YES;
				CLANG_WARN_NON_LITERAL_NULL_CONVERSION = YES;
				CLANG_WARN_OBJC_IMPLICIT_RETAIN_SELF = YES;
				CLANG_WARN_OBJC_LITERAL_CONVERSION = YES;
				CLANG_WARN_OBJC_ROOT_CLASS = YES_ERROR;
				CLANG_WARN_QUOTED_INCLUDE_IN_FRAMEWORK_HEADER = YES;
				CLANG_WARN_RANGE_LOOP_ANALYSIS = YES;
				CLANG_WARN_STRICT_PROTOTYPES = YES;
				CLANG_WARN_SUSPICIOUS_MOVE = YES;
				CLANG_WARN_UNGUARDED_AVAILABILITY = YES_AGGRESSIVE;
				CLANG_WARN_UNREACHABLE_CODE = YES;
				CLANG_WARN__DUPLICATE_METHOD_MATCH = YES;
				COPY_PHASE_STRIP = NO;
				DEBUG_INFORMATION_FORMAT = dwarf;
				ENABLE_STRICT_OBJC_MSGSEND = YES;
				ENABLE_TESTABILITY = YES;
				GCC_C_LANGUAGE_STANDARD = gnu11;
				GCC_DYNAMIC_NO_PIC = NO;
				GCC_NO_COMMON_BLOCKS = YES;
				GCC_OPTIMIZATION_LEVEL = 0;
				GCC_PREPROCESSOR_DEFINITIONS = (
					"DEBUG=1",
					"$(inherited)",
				);
				GCC_WARN_64_TO_32_BIT_CONVERSION = YES;
				GCC_WARN_ABOUT_RETURN_TYPE = YES_ERROR;
				GCC_WARN_UNDECLARED_SELECTOR = YES;
				GCC_WARN_UNINITIALIZED_AUTOS = YES_AGGRESSIVE;
				GCC_WARN_UNUSED_FUNCTION = YES;
				GCC_WARN_UNUSED_VARIABLE = YES;
				IPHONEOS_DEPLOYMENT_TARGET = 15.0;
				MTL_ENABLE_DEBUG_INFO = INCLUDE_SOURCE;
				MTL_FAST_MATH = YES;
				ONLY_ACTIVE_ARCH = YES;
				SDKROOT = iphoneos;
				SWIFT_ACTIVE_COMPILATION_CONDITIONS = DEBUG;
				SWIFT_OPTIMIZATION_LEVEL = "-Onone";
			};
			name = Debug;
		};
		26C0190127218A1300D199FE /* Release */ = {
			isa = XCBuildConfiguration;
			buildSettings = {
				ALWAYS_SEARCH_USER_PATHS = NO;
				CLANG_ANALYZER_NONNULL = YES;
				CLANG_ANALYZER_NUMBER_OBJECT_CONVERSION = YES_AGGRESSIVE;
				CLANG_CXX_LANGUAGE_STANDARD = "gnu++17";
				CLANG_CXX_LIBRARY = "libc++";
				CLANG_ENABLE_MODULES = YES;
				CLANG_ENABLE_OBJC_ARC = YES;
				CLANG_ENABLE_OBJC_WEAK = YES;
				CLANG_WARN_BLOCK_CAPTURE_AUTORELEASING = YES;
				CLANG_WARN_BOOL_CONVERSION = YES;
				CLANG_WARN_COMMA = YES;
				CLANG_WARN_CONSTANT_CONVERSION = YES;
				CLANG_WARN_DEPRECATED_OBJC_IMPLEMENTATIONS = YES;
				CLANG_WARN_DIRECT_OBJC_ISA_USAGE = YES_ERROR;
				CLANG_WARN_DOCUMENTATION_COMMENTS = YES;
				CLANG_WARN_EMPTY_BODY = YES;
				CLANG_WARN_ENUM_CONVERSION = YES;
				CLANG_WARN_INFINITE_RECURSION = YES;
				CLANG_WARN_INT_CONVERSION = YES;
				CLANG_WARN_NON_LITERAL_NULL_CONVERSION = YES;
				CLANG_WARN_OBJC_IMPLICIT_RETAIN_SELF = YES;
				CLANG_WARN_OBJC_LITERAL_CONVERSION = YES;
				CLANG_WARN_OBJC_ROOT_CLASS = YES_ERROR;
				CLANG_WARN_QUOTED_INCLUDE_IN_FRAMEWORK_HEADER = YES;
				CLANG_WARN_RANGE_LOOP_ANALYSIS = YES;
				CLANG_WARN_STRICT_PROTOTYPES = YES;
				CLANG_WARN_SUSPICIOUS_MOVE = YES;
				CLANG_WARN_UNGUARDED_AVAILABILITY = YES_AGGRESSIVE;
				CLANG_WARN_UNREACHABLE_CODE = YES;
				CLANG_WARN__DUPLICATE_METHOD_MATCH = YES;
				COPY_PHASE_STRIP = NO;
				DEBUG_INFORMATION_FORMAT = "dwarf-with-dsym";
				ENABLE_NS_ASSERTIONS = NO;
				ENABLE_STRICT_OBJC_MSGSEND = YES;
				GCC_C_LANGUAGE_STANDARD = gnu11;
				GCC_NO_COMMON_BLOCKS = YES;
				GCC_WARN_64_TO_32_BIT_CONVERSION = YES;
				GCC_WARN_ABOUT_RETURN_TYPE = YES_ERROR;
				GCC_WARN_UNDECLARED_SELECTOR = YES;
				GCC_WARN_UNINITIALIZED_AUTOS = YES_AGGRESSIVE;
				GCC_WARN_UNUSED_FUNCTION = YES;
				GCC_WARN_UNUSED_VARIABLE = YES;
				IPHONEOS_DEPLOYMENT_TARGET = 15.0;
				MTL_ENABLE_DEBUG_INFO = NO;
				MTL_FAST_MATH = YES;
				SDKROOT = iphoneos;
				SWIFT_COMPILATION_MODE = wholemodule;
				SWIFT_OPTIMIZATION_LEVEL = "-O";
				VALIDATE_PRODUCT = YES;
			};
			name = Release;
		};
		26C0190327218A1300D199FE /* Debug */ = {
			isa = XCBuildConfiguration;
			buildSettings = {
				ASSETCATALOG_COMPILER_APPICON_NAME = AppIcon;
				ASSETCATALOG_COMPILER_GLOBAL_ACCENT_COLOR_NAME = AccentColor;
				CODE_SIGN_STYLE = Automatic;
				CURRENT_PROJECT_VERSION = 1;
				DEVELOPMENT_TEAM = D878P8TW6L;
				GENERATE_INFOPLIST_FILE = YES;
				INFOPLIST_FILE = LayerThing/Info.plist;
				INFOPLIST_KEY_UIApplicationSupportsIndirectInputEvents = YES;
				INFOPLIST_KEY_UILaunchStoryboardName = LaunchScreen;
				INFOPLIST_KEY_UIMainStoryboardFile = Main;
				INFOPLIST_KEY_UISupportedInterfaceOrientations_iPad = "UIInterfaceOrientationPortrait UIInterfaceOrientationPortraitUpsideDown UIInterfaceOrientationLandscapeLeft UIInterfaceOrientationLandscapeRight";
				INFOPLIST_KEY_UISupportedInterfaceOrientations_iPhone = "UIInterfaceOrientationPortrait UIInterfaceOrientationLandscapeLeft UIInterfaceOrientationLandscapeRight";
				IPHONEOS_DEPLOYMENT_TARGET = 13.0;
				LD_RUNPATH_SEARCH_PATHS = (
					"$(inherited)",
					"@executable_path/Frameworks",
				);
				MARKETING_VERSION = 1.0;
				PRODUCT_BUNDLE_IDENTIFIER = com.hahaha.666.com.LayerThing;
				PRODUCT_NAME = "$(TARGET_NAME)";
				SWIFT_EMIT_LOC_STRINGS = YES;
				SWIFT_VERSION = 5.0;
				TARGETED_DEVICE_FAMILY = "1,2";
			};
			name = Debug;
		};
		26C0190427218A1300D199FE /* Release */ = {
			isa = XCBuildConfiguration;
			buildSettings = {
				ASSETCATALOG_COMPILER_APPICON_NAME = AppIcon;
				ASSETCATALOG_COMPILER_GLOBAL_ACCENT_COLOR_NAME = AccentColor;
				CODE_SIGN_STYLE = Automatic;
				CURRENT_PROJECT_VERSION = 1;
				DEVELOPMENT_TEAM = D878P8TW6L;
				GENERATE_INFOPLIST_FILE = YES;
				INFOPLIST_FILE = LayerThing/Info.plist;
				INFOPLIST_KEY_UIApplicationSupportsIndirectInputEvents = YES;
				INFOPLIST_KEY_UILaunchStoryboardName = LaunchScreen;
				INFOPLIST_KEY_UIMainStoryboardFile = Main;
				INFOPLIST_KEY_UISupportedInterfaceOrientations_iPad = "UIInterfaceOrientationPortrait UIInterfaceOrientationPortraitUpsideDown UIInterfaceOrientationLandscapeLeft UIInterfaceOrientationLandscapeRight";
				INFOPLIST_KEY_UISupportedInterfaceOrientations_iPhone = "UIInterfaceOrientationPortrait UIInterfaceOrientationLandscapeLeft UIInterfaceOrientationLandscapeRight";
				IPHONEOS_DEPLOYMENT_TARGET = 13.0;
				LD_RUNPATH_SEARCH_PATHS = (
					"$(inherited)",
					"@executable_path/Frameworks",
				);
				MARKETING_VERSION = 1.0;
				PRODUCT_BUNDLE_IDENTIFIER = com.hahaha.666.com.LayerThing;
				PRODUCT_NAME = "$(TARGET_NAME)";
				SWIFT_EMIT_LOC_STRINGS = YES;
				SWIFT_VERSION = 5.0;
				TARGETED_DEVICE_FAMILY = "1,2";
			};
			name = Release;
		};
/* End XCBuildConfiguration section */

/* Begin XCConfigurationList section */
		26C018E927218A1100D199FE /* Build configuration list for PBXProject "LayerThing" */ = {
			isa = XCConfigurationList;
			buildConfigurations = (
				26C0190027218A1300D199FE /* Debug */,
				26C0190127218A1300D199FE /* Release */,
			);
			defaultConfigurationIsVisible = 0;
			defaultConfigurationName = Release;
		};
		26C0190227218A1300D199FE /* Build configuration list for PBXNativeTarget "LayerThing" */ = {
			isa = XCConfigurationList;
			buildConfigurations = (
				26C0190327218A1300D199FE /* Debug */,
				26C0190427218A1300D199FE /* Release */,
			);
			defaultConfigurationIsVisible = 0;
			defaultConfigurationName = Release;
		};
/* End XCConfigurationList section */
	};
	rootObject = 26C018E627218A1100D199FE /* Project object */;
}
